Microsoft Visual Studio Solution File, Format Version 12.00
# Visual Studio Version 17
VisualStudioVersion = 17.5.2.0
MinimumVisualStudioVersion = 10.0.40219.1
Project("{FAE04EC0-301F-11D3-BF4B-00C04F79EFBC}") = "basis_review", "basis_review.csproj", "{6DD83DE7-70DF-9DC6-74F2-93AC536E5273}"
EndProject
Project("{FAE04EC0-301F-11D3-BF4B-00C04F79EFBC}") = "01-Variables", "01-Variables\01-Variables.csproj", "{CDA8FEC1-2B5E-445E-A32E-2849AAE1D3FF}"
EndProject
Project("{FAE04EC0-301F-11D3-BF4B-00C04F79EFBC}") = "02-Conditions", "02-Conditions\02-Conditions.csproj", "{4FE88AC7-A320-453A-A23E-E9428B325AC7}"
EndProject
Project("{FAE04EC0-301F-11D3-BF4B-00C04F79EFBC}") = "03-Boucles", "03-Boucles\03-Boucles.csproj", "{5ABF055B-2BA1-4567-A47D-652EC2982746}"
EndProject
Project("{FAE04EC0-301F-11D3-BF4B-00C04F79EFBC}") = "04-Collections", "04-Collections\04-Collections.csproj", "{E898E8C1-BCBA-4D26-80F4-8E691BAACEEE}"
EndProject
Project("{FAE04EC0-301F-11D3-BF4B-00C04F79EFBC}") = "05-Fonctions", "05-Fonctions\05-Fonctions.csproj", "{AC58EE92-5315-47EE-8B24-ED33735EAAC4}"
EndProject
Global
	GlobalSection(SolutionConfigurationPlatforms) = preSolution
		Debug|Any CPU = Debug|Any CPU
		Release|Any CPU = Release|Any CPU
	EndGlobalSection
	GlobalSection(ProjectConfigurationPlatforms) = postSolution
		{6DD83DE7-70DF-9DC6-74F2-93AC536E5273}.Debug|Any CPU.ActiveCfg = Debug|Any CPU
		{6DD83DE7-70DF-9DC6-74F2-93AC536E5273}.Debug|Any CPU.Build.0 = Debug|Any CPU
		{6DD83DE7-70DF-9DC6-74F2-93AC536E5273}.Release|Any CPU.ActiveCfg = Release|Any CPU
		{6DD83DE7-70DF-9DC6-74F2-93AC536E5273}.Release|Any CPU.Build.0 = Release|Any CPU
		{CDA8FEC1-2B5E-445E-A32E-2849AAE1D3FF}.Debug|Any CPU.ActiveCfg = Debug|Any CPU
		{CDA8FEC1-2B5E-445E-A32E-2849AAE1D3FF}.Debug|Any CPU.Build.0 = Debug|Any CPU
		{CDA8FEC1-2B5E-445E-A32E-2849AAE1D3FF}.Release|Any CPU.ActiveCfg = Release|Any CPU
		{CDA8FEC1-2B5E-445E-A32E-2849AAE1D3FF}.Release|Any CPU.Build.0 = Release|Any CPU
		{4FE88AC7-A320-453A-A23E-E9428B325AC7}.Debug|Any CPU.ActiveCfg = Debug|Any CPU
		{4FE88AC7-A320-453A-A23E-E9428B325AC7}.Debug|Any CPU.Build.0 = Debug|Any CPU
		{4FE88AC7-A320-453A-A23E-E9428B325AC7}.Release|Any CPU.ActiveCfg = Release|Any CPU
		{4FE88AC7-A320-453A-A23E-E9428B325AC7}.Release|Any CPU.Build.0 = Release|Any CPU
		{5ABF055B-2BA1-4567-A47D-652EC2982746}.Debug|Any CPU.ActiveCfg = Debug|Any CPU
		{5ABF055B-2BA1-4567-A47D-652EC2982746}.Debug|Any CPU.Build.0 = Debug|Any CPU
		{5ABF055B-2BA1-4567-A47D-652EC2982746}.Release|Any CPU.ActiveCfg = Release|Any CPU
		{5ABF055B-2BA1-4567-A47D-652EC2982746}.Release|Any CPU.Build.0 = Release|Any CPU
		{E898E8C1-BCBA-4D26-80F4-8E691BAACEEE}.Debug|Any CPU.ActiveCfg = Debug|Any CPU
		{E898E8C1-BCBA-4D26-80F4-8E691BAACEEE}.Debug|Any CPU.Build.0 = Debug|Any CPU
		{E898E8C1-BCBA-4D26-80F4-8E691BAACEEE}.Release|Any CPU.ActiveCfg = Release|Any CPU
		{E898E8C1-BCBA-4D26-80F4-8E691BAACEEE}.Release|Any CPU.Build.0 = Release|Any CPU
		{AC58EE92-5315-47EE-8B24-ED33735EAAC4}.Debug|Any CPU.ActiveCfg = Debug|Any CPU
		{AC58EE92-5315-47EE-8B24-ED33735EAAC4}.Debug|Any CPU.Build.0 = Debug|Any CPU
		{AC58EE92-5315-47EE-8B24-ED33735EAAC4}.Release|Any CPU.ActiveCfg = Release|Any CPU
		{AC58EE92-5315-47EE-8B24-ED33735EAAC4}.Release|Any CPU.Build.0 = Release|Any CPU
	EndGlobalSection
	GlobalSection(SolutionProperties) = preSolution
		HideSolutionNode = FALSE
	EndGlobalSection
	GlobalSection(ExtensibilityGlobals) = postSolution
		SolutionGuid = {5F334E73-57D2-4EAE-B83B-3D9E28F83C85}
	EndGlobalSection
EndGlobal
