Microsoft Visual Studio Solution File, Format Version 12.00
# Visual Studio Version 17
VisualStudioVersion = 17.5.2.0
MinimumVisualStudioVersion = 10.0.40219.1
Project("{FAE04EC0-301F-11D3-BF4B-00C04F79EFBC}") = "basis_review", "basis_review.csproj", "{6DD83DE7-70DF-9DC6-74F2-93AC536E5273}"
EndProject
Project("{FAE04EC0-301F-11D3-BF4B-00C04F79EFBC}") = "01-Variables", "01-Variables\01-Variables.csproj", "{CDA8FEC1-2B5E-445E-A32E-2849AAE1D3FF}"
EndProject
Global
	GlobalSection(SolutionConfigurationPlatforms) = preSolution
		Debug|Any CPU = Debug|Any CPU
		Release|Any CPU = Release|Any CPU
	EndGlobalSection
	GlobalSection(ProjectConfigurationPlatforms) = postSolution
		{6DD83DE7-70DF-9DC6-74F2-93AC536E5273}.Debug|Any CPU.ActiveCfg = Debug|Any CPU
		{6DD83DE7-70DF-9DC6-74F2-93AC536E5273}.Debug|Any CPU.Build.0 = Debug|Any CPU
		{6DD83DE7-70DF-9DC6-74F2-93AC536E5273}.Release|Any CPU.ActiveCfg = Release|Any CPU
		{6DD83DE7-70DF-9DC6-74F2-93AC536E5273}.Release|Any CPU.Build.0 = Release|Any CPU
		{CDA8FEC1-2B5E-445E-A32E-2849AAE1D3FF}.Debug|Any CPU.ActiveCfg = Debug|Any CPU
		{CDA8FEC1-2B5E-445E-A32E-2849AAE1D3FF}.Debug|Any CPU.Build.0 = Debug|Any CPU
		{CDA8FEC1-2B5E-445E-A32E-2849AAE1D3FF}.Release|Any CPU.ActiveCfg = Release|Any CPU
		{CDA8FEC1-2B5E-445E-A32E-2849AAE1D3FF}.Release|Any CPU.Build.0 = Release|Any CPU
	EndGlobalSection
	GlobalSection(SolutionProperties) = preSolution
		HideSolutionNode = FALSE
	EndGlobalSection
	GlobalSection(ExtensibilityGlobals) = postSolution
		SolutionGuid = {5F334E73-57D2-4EAE-B83B-3D9E28F83C85}
	EndGlobalSection
EndGlobal
